
Microsoft Visual Studio Solution File, Format Version 12.00
# Visual Studio 2012
Project("{FAE04EC0-301F-11D3-BF4B-00C04F79EFBC}") = "BugfenderTest", "BugfenderTest\BugfenderTest.csproj", "{7160E20C-173C-43AA-A4C8-DFC398B1FFEC}"
EndProject
Project("{FAE04EC0-301F-11D3-BF4B-00C04F79EFBC}") = "BugfenderTest.iOS", "iOS\BugfenderTest.iOS.csproj", "{B513E8D5-034D-461B-AB93-33516FBBC800}"
EndProject
Project("{FAE04EC0-301F-11D3-BF4B-00C04F79EFBC}") = "BugfenderTest.Droid", "Droid\BugfenderTest.Droid.csproj", "{6748B17E-2548-4FCF-9E4D-2132C3BBE283}"
EndProject
Project("{FAE04EC0-301F-11D3-BF4B-00C04F79EFBC}") = "BugfenderBinding.Android", "BugfenderBinding.Android\BugfenderBinding.Android.csproj", "{ACC605A1-85AB-4CC8-9E4D-8ED7E3DACFD8}"
EndProject
Project("{FAE04EC0-301F-11D3-BF4B-00C04F79EFBC}") = "BugfenderBinding.iOS", "BugfenderBinding.iOS\BugfenderBinding.iOS.csproj", "{B53A3FE0-58F9-481F-9EBA-3D8CC6CAFD0F}"
EndProject
Global
	GlobalSection(SolutionConfigurationPlatforms) = preSolution
		Debug|Any CPU = Debug|Any CPU
		Release|Any CPU = Release|Any CPU
		Debug|iPhoneSimulator = Debug|iPhoneSimulator
		Release|iPhone = Release|iPhone
		Release|iPhoneSimulator = Release|iPhoneSimulator
		Debug|iPhone = Debug|iPhone
	EndGlobalSection
	GlobalSection(ProjectConfigurationPlatforms) = postSolution
		{7160E20C-173C-43AA-A4C8-DFC398B1FFEC}.Debug|Any CPU.ActiveCfg = Debug|Any CPU
		{7160E20C-173C-43AA-A4C8-DFC398B1FFEC}.Debug|Any CPU.Build.0 = Debug|Any CPU
		{7160E20C-173C-43AA-A4C8-DFC398B1FFEC}.Release|Any CPU.ActiveCfg = Release|Any CPU
		{7160E20C-173C-43AA-A4C8-DFC398B1FFEC}.Release|Any CPU.Build.0 = Release|Any CPU
		{7160E20C-173C-43AA-A4C8-DFC398B1FFEC}.Debug|iPhoneSimulator.ActiveCfg = Debug|Any CPU
		{7160E20C-173C-43AA-A4C8-DFC398B1FFEC}.Debug|iPhoneSimulator.Build.0 = Debug|Any CPU
		{7160E20C-173C-43AA-A4C8-DFC398B1FFEC}.Release|iPhone.ActiveCfg = Release|Any CPU
		{7160E20C-173C-43AA-A4C8-DFC398B1FFEC}.Release|iPhone.Build.0 = Release|Any CPU
		{7160E20C-173C-43AA-A4C8-DFC398B1FFEC}.Release|iPhoneSimulator.ActiveCfg = Release|Any CPU
		{7160E20C-173C-43AA-A4C8-DFC398B1FFEC}.Release|iPhoneSimulator.Build.0 = Release|Any CPU
		{7160E20C-173C-43AA-A4C8-DFC398B1FFEC}.Debug|iPhone.ActiveCfg = Debug|Any CPU
		{7160E20C-173C-43AA-A4C8-DFC398B1FFEC}.Debug|iPhone.Build.0 = Debug|Any CPU
		{B513E8D5-034D-461B-AB93-33516FBBC800}.Debug|Any CPU.ActiveCfg = Debug|iPhoneSimulator
		{B513E8D5-034D-461B-AB93-33516FBBC800}.Debug|Any CPU.Build.0 = Debug|iPhoneSimulator
		{B513E8D5-034D-461B-AB93-33516FBBC800}.Release|Any CPU.ActiveCfg = Release|iPhone
		{B513E8D5-034D-461B-AB93-33516FBBC800}.Release|Any CPU.Build.0 = Release|iPhone
		{B513E8D5-034D-461B-AB93-33516FBBC800}.Debug|iPhoneSimulator.ActiveCfg = Debug|iPhoneSimulator
		{B513E8D5-034D-461B-AB93-33516FBBC800}.Debug|iPhoneSimulator.Build.0 = Debug|iPhoneSimulator
		{B513E8D5-034D-461B-AB93-33516FBBC800}.Release|iPhone.ActiveCfg = Release|iPhone
		{B513E8D5-034D-461B-AB93-33516FBBC800}.Release|iPhone.Build.0 = Release|iPhone
		{B513E8D5-034D-461B-AB93-33516FBBC800}.Release|iPhoneSimulator.ActiveCfg = Release|iPhoneSimulator
		{B513E8D5-034D-461B-AB93-33516FBBC800}.Release|iPhoneSimulator.Build.0 = Release|iPhoneSimulator
		{B513E8D5-034D-461B-AB93-33516FBBC800}.Debug|iPhone.ActiveCfg = Debug|iPhone
		{B513E8D5-034D-461B-AB93-33516FBBC800}.Debug|iPhone.Build.0 = Debug|iPhone
		{6748B17E-2548-4FCF-9E4D-2132C3BBE283}.Debug|Any CPU.ActiveCfg = Debug|Any CPU
		{6748B17E-2548-4FCF-9E4D-2132C3BBE283}.Debug|Any CPU.Build.0 = Debug|Any CPU
		{6748B17E-2548-4FCF-9E4D-2132C3BBE283}.Release|Any CPU.ActiveCfg = Release|Any CPU
		{6748B17E-2548-4FCF-9E4D-2132C3BBE283}.Release|Any CPU.Build.0 = Release|Any CPU
		{6748B17E-2548-4FCF-9E4D-2132C3BBE283}.Debug|iPhoneSimulator.ActiveCfg = Debug|Any CPU
		{6748B17E-2548-4FCF-9E4D-2132C3BBE283}.Debug|iPhoneSimulator.Build.0 = Debug|Any CPU
		{6748B17E-2548-4FCF-9E4D-2132C3BBE283}.Release|iPhone.ActiveCfg = Release|Any CPU
		{6748B17E-2548-4FCF-9E4D-2132C3BBE283}.Release|iPhone.Build.0 = Release|Any CPU
		{6748B17E-2548-4FCF-9E4D-2132C3BBE283}.Release|iPhoneSimulator.ActiveCfg = Release|Any CPU
		{6748B17E-2548-4FCF-9E4D-2132C3BBE283}.Release|iPhoneSimulator.Build.0 = Release|Any CPU
		{6748B17E-2548-4FCF-9E4D-2132C3BBE283}.Debug|iPhone.ActiveCfg = Debug|Any CPU
		{6748B17E-2548-4FCF-9E4D-2132C3BBE283}.Debug|iPhone.Build.0 = Debug|Any CPU
		{ACC605A1-85AB-4CC8-9E4D-8ED7E3DACFD8}.Debug|Any CPU.ActiveCfg = Debug|Any CPU
		{ACC605A1-85AB-4CC8-9E4D-8ED7E3DACFD8}.Debug|Any CPU.Build.0 = Debug|Any CPU
		{ACC605A1-85AB-4CC8-9E4D-8ED7E3DACFD8}.Release|Any CPU.ActiveCfg = Release|Any CPU
		{ACC605A1-85AB-4CC8-9E4D-8ED7E3DACFD8}.Release|Any CPU.Build.0 = Release|Any CPU
		{ACC605A1-85AB-4CC8-9E4D-8ED7E3DACFD8}.Debug|iPhoneSimulator.ActiveCfg = Debug|Any CPU
		{ACC605A1-85AB-4CC8-9E4D-8ED7E3DACFD8}.Debug|iPhoneSimulator.Build.0 = Debug|Any CPU
		{ACC605A1-85AB-4CC8-9E4D-8ED7E3DACFD8}.Release|iPhone.ActiveCfg = Release|Any CPU
		{ACC605A1-85AB-4CC8-9E4D-8ED7E3DACFD8}.Release|iPhone.Build.0 = Release|Any CPU
		{ACC605A1-85AB-4CC8-9E4D-8ED7E3DACFD8}.Release|iPhoneSimulator.ActiveCfg = Release|Any CPU
		{ACC605A1-85AB-4CC8-9E4D-8ED7E3DACFD8}.Release|iPhoneSimulator.Build.0 = Release|Any CPU
		{ACC605A1-85AB-4CC8-9E4D-8ED7E3DACFD8}.Debug|iPhone.ActiveCfg = Debug|Any CPU
		{ACC605A1-85AB-4CC8-9E4D-8ED7E3DACFD8}.Debug|iPhone.Build.0 = Debug|Any CPU
		{B53A3FE0-58F9-481F-9EBA-3D8CC6CAFD0F}.Debug|Any CPU.ActiveCfg = Debug|Any CPU
		{B53A3FE0-58F9-481F-9EBA-3D8CC6CAFD0F}.Debug|Any CPU.Build.0 = Debug|Any CPU
		{B53A3FE0-58F9-481F-9EBA-3D8CC6CAFD0F}.Release|Any CPU.ActiveCfg = Release|Any CPU
		{B53A3FE0-58F9-481F-9EBA-3D8CC6CAFD0F}.Release|Any CPU.Build.0 = Release|Any CPU
		{B53A3FE0-58F9-481F-9EBA-3D8CC6CAFD0F}.Debug|iPhoneSimulator.ActiveCfg = Debug|Any CPU
		{B53A3FE0-58F9-481F-9EBA-3D8CC6CAFD0F}.Debug|iPhoneSimulator.Build.0 = Debug|Any CPU
		{B53A3FE0-58F9-481F-9EBA-3D8CC6CAFD0F}.Release|iPhone.ActiveCfg = Release|Any CPU
		{B53A3FE0-58F9-481F-9EBA-3D8CC6CAFD0F}.Release|iPhone.Build.0 = Release|Any CPU
		{B53A3FE0-58F9-481F-9EBA-3D8CC6CAFD0F}.Release|iPhoneSimulator.ActiveCfg = Release|Any CPU
		{B53A3FE0-58F9-481F-9EBA-3D8CC6CAFD0F}.Release|iPhoneSimulator.Build.0 = Release|Any CPU
		{B53A3FE0-58F9-481F-9EBA-3D8CC6CAFD0F}.Debug|iPhone.ActiveCfg = Debug|Any CPU
		{B53A3FE0-58F9-481F-9EBA-3D8CC6CAFD0F}.Debug|iPhone.Build.0 = Debug|Any CPU
	EndGlobalSection
EndGlobal
