Microsoft Visual Studio Solution File, Format Version 12.00
# Visual Studio 14
VisualStudioVersion = 14.0.25420.1
MinimumVisualStudioVersion = 10.0.40219.1
Project("{FAE04EC0-301F-11D3-BF4B-00C04F79EFBC}") = "XamarinSample", "XamarinSample\XamarinSample.csproj", "{773065E0-B831-47AA-B2D9-E52C9CD8B8FC}"
EndProject
Project("{FAE04EC0-301F-11D3-BF4B-00C04F79EFBC}") = "XamarinSample.Droid", "Droid\XamarinSample.Droid.csproj", "{A5C4E368-112B-435B-B41E-DB101608F67C}"
EndProject
Project("{FAE04EC0-301F-11D3-BF4B-00C04F79EFBC}") = "XamarinSample.iOS", "iOS\XamarinSample.iOS.csproj", "{B8CD733B-F919-4C2A-9869-AB3C55B1E6BE}"
EndProject
Project("{FAE04EC0-301F-11D3-BF4B-00C04F79EFBC}") = "BugfenderBinding.iOS", "BugfenderBinding.iOS\BugfenderBinding.iOS.csproj", "{B53A3FE0-58F9-481F-9EBA-3D8CC6CAFD0F}"
EndProject
Project("{FAE04EC0-301F-11D3-BF4B-00C04F79EFBC}") = "BugfenderBinding.Android", "BugfenderBinding.Android\BugfenderBinding.Android.csproj", "{007C2A6D-15BF-447D-9010-8BC30298E5E8}"
EndProject
Global
	GlobalSection(SolutionConfigurationPlatforms) = preSolution
		Debug|Any CPU = Debug|Any CPU
		Debug|ARM = Debug|ARM
		Debug|iPhone = Debug|iPhone
		Debug|iPhoneSimulator = Debug|iPhoneSimulator
		Release|Any CPU = Release|Any CPU
		Release|ARM = Release|ARM
		Release|iPhone = Release|iPhone
		Release|iPhoneSimulator = Release|iPhoneSimulator
	EndGlobalSection
	GlobalSection(ProjectConfigurationPlatforms) = postSolution
		{773065E0-B831-47AA-B2D9-E52C9CD8B8FC}.Debug|Any CPU.ActiveCfg = Debug|Any CPU
		{773065E0-B831-47AA-B2D9-E52C9CD8B8FC}.Debug|Any CPU.Build.0 = Debug|Any CPU
		{773065E0-B831-47AA-B2D9-E52C9CD8B8FC}.Debug|Any CPU.Deploy.0 = Debug|Any CPU
		{773065E0-B831-47AA-B2D9-E52C9CD8B8FC}.Debug|ARM.ActiveCfg = Debug|ARM
		{773065E0-B831-47AA-B2D9-E52C9CD8B8FC}.Debug|ARM.Build.0 = Debug|ARM
		{773065E0-B831-47AA-B2D9-E52C9CD8B8FC}.Debug|iPhone.ActiveCfg = Debug|Any CPU
		{773065E0-B831-47AA-B2D9-E52C9CD8B8FC}.Debug|iPhone.Build.0 = Debug|Any CPU
		{773065E0-B831-47AA-B2D9-E52C9CD8B8FC}.Debug|iPhoneSimulator.ActiveCfg = Debug|Any CPU
		{773065E0-B831-47AA-B2D9-E52C9CD8B8FC}.Debug|iPhoneSimulator.Build.0 = Debug|Any CPU
		{773065E0-B831-47AA-B2D9-E52C9CD8B8FC}.Release|Any CPU.ActiveCfg = Release|Any CPU
		{773065E0-B831-47AA-B2D9-E52C9CD8B8FC}.Release|Any CPU.Build.0 = Release|Any CPU
		{773065E0-B831-47AA-B2D9-E52C9CD8B8FC}.Release|ARM.ActiveCfg = Release|ARM
		{773065E0-B831-47AA-B2D9-E52C9CD8B8FC}.Release|ARM.Build.0 = Release|ARM
		{773065E0-B831-47AA-B2D9-E52C9CD8B8FC}.Release|iPhone.ActiveCfg = Release|Any CPU
		{773065E0-B831-47AA-B2D9-E52C9CD8B8FC}.Release|iPhone.Build.0 = Release|Any CPU
		{773065E0-B831-47AA-B2D9-E52C9CD8B8FC}.Release|iPhoneSimulator.ActiveCfg = Release|Any CPU
		{773065E0-B831-47AA-B2D9-E52C9CD8B8FC}.Release|iPhoneSimulator.Build.0 = Release|Any CPU
		{A5C4E368-112B-435B-B41E-DB101608F67C}.Debug|Any CPU.ActiveCfg = Debug|Any CPU
		{A5C4E368-112B-435B-B41E-DB101608F67C}.Debug|Any CPU.Build.0 = Debug|Any CPU
		{A5C4E368-112B-435B-B41E-DB101608F67C}.Debug|Any CPU.Deploy.0 = Debug|Any CPU
		{A5C4E368-112B-435B-B41E-DB101608F67C}.Debug|ARM.ActiveCfg = Debug|Any CPU
		{A5C4E368-112B-435B-B41E-DB101608F67C}.Debug|ARM.Build.0 = Debug|Any CPU
		{A5C4E368-112B-435B-B41E-DB101608F67C}.Debug|ARM.Deploy.0 = Debug|Any CPU
		{A5C4E368-112B-435B-B41E-DB101608F67C}.Debug|iPhone.ActiveCfg = Debug|Any CPU
		{A5C4E368-112B-435B-B41E-DB101608F67C}.Debug|iPhone.Build.0 = Debug|Any CPU
		{A5C4E368-112B-435B-B41E-DB101608F67C}.Debug|iPhoneSimulator.ActiveCfg = Debug|Any CPU
		{A5C4E368-112B-435B-B41E-DB101608F67C}.Debug|iPhoneSimulator.Build.0 = Debug|Any CPU
		{A5C4E368-112B-435B-B41E-DB101608F67C}.Release|Any CPU.ActiveCfg = Release|Any CPU
		{A5C4E368-112B-435B-B41E-DB101608F67C}.Release|Any CPU.Build.0 = Release|Any CPU
		{A5C4E368-112B-435B-B41E-DB101608F67C}.Release|ARM.ActiveCfg = Release|Any CPU
		{A5C4E368-112B-435B-B41E-DB101608F67C}.Release|ARM.Build.0 = Release|Any CPU
		{A5C4E368-112B-435B-B41E-DB101608F67C}.Release|ARM.Deploy.0 = Release|Any CPU
		{A5C4E368-112B-435B-B41E-DB101608F67C}.Release|iPhone.ActiveCfg = Release|Any CPU
		{A5C4E368-112B-435B-B41E-DB101608F67C}.Release|iPhone.Build.0 = Release|Any CPU
		{A5C4E368-112B-435B-B41E-DB101608F67C}.Release|iPhoneSimulator.ActiveCfg = Release|Any CPU
		{A5C4E368-112B-435B-B41E-DB101608F67C}.Release|iPhoneSimulator.Build.0 = Release|Any CPU
		{B8CD733B-F919-4C2A-9869-AB3C55B1E6BE}.Debug|Any CPU.ActiveCfg = Debug|iPhoneSimulator
		{B8CD733B-F919-4C2A-9869-AB3C55B1E6BE}.Debug|Any CPU.Build.0 = Debug|iPhoneSimulator
		{B8CD733B-F919-4C2A-9869-AB3C55B1E6BE}.Debug|ARM.ActiveCfg = Debug|iPhone
		{B8CD733B-F919-4C2A-9869-AB3C55B1E6BE}.Debug|iPhone.ActiveCfg = Debug|iPhone
		{B8CD733B-F919-4C2A-9869-AB3C55B1E6BE}.Debug|iPhone.Build.0 = Debug|iPhone
		{B8CD733B-F919-4C2A-9869-AB3C55B1E6BE}.Debug|iPhoneSimulator.ActiveCfg = Debug|iPhoneSimulator
		{B8CD733B-F919-4C2A-9869-AB3C55B1E6BE}.Debug|iPhoneSimulator.Build.0 = Debug|iPhoneSimulator
		{B8CD733B-F919-4C2A-9869-AB3C55B1E6BE}.Release|Any CPU.ActiveCfg = Release|iPhone
		{B8CD733B-F919-4C2A-9869-AB3C55B1E6BE}.Release|Any CPU.Build.0 = Release|iPhone
		{B8CD733B-F919-4C2A-9869-AB3C55B1E6BE}.Release|ARM.ActiveCfg = Release|iPhoneSimulator
		{B8CD733B-F919-4C2A-9869-AB3C55B1E6BE}.Release|iPhone.ActiveCfg = Release|iPhone
		{B8CD733B-F919-4C2A-9869-AB3C55B1E6BE}.Release|iPhone.Build.0 = Release|iPhone
		{B8CD733B-F919-4C2A-9869-AB3C55B1E6BE}.Release|iPhoneSimulator.ActiveCfg = Release|iPhoneSimulator
		{B8CD733B-F919-4C2A-9869-AB3C55B1E6BE}.Release|iPhoneSimulator.Build.0 = Release|iPhoneSimulator
		{B53A3FE0-58F9-481F-9EBA-3D8CC6CAFD0F}.Debug|Any CPU.ActiveCfg = Debug|Any CPU
		{B53A3FE0-58F9-481F-9EBA-3D8CC6CAFD0F}.Debug|Any CPU.Build.0 = Debug|Any CPU
		{B53A3FE0-58F9-481F-9EBA-3D8CC6CAFD0F}.Debug|ARM.ActiveCfg = Debug|Any CPU
		{B53A3FE0-58F9-481F-9EBA-3D8CC6CAFD0F}.Debug|ARM.Build.0 = Debug|Any CPU
		{B53A3FE0-58F9-481F-9EBA-3D8CC6CAFD0F}.Debug|iPhone.ActiveCfg = Debug|Any CPU
		{B53A3FE0-58F9-481F-9EBA-3D8CC6CAFD0F}.Debug|iPhone.Build.0 = Debug|Any CPU
		{B53A3FE0-58F9-481F-9EBA-3D8CC6CAFD0F}.Debug|iPhoneSimulator.ActiveCfg = Debug|Any CPU
		{B53A3FE0-58F9-481F-9EBA-3D8CC6CAFD0F}.Debug|iPhoneSimulator.Build.0 = Debug|Any CPU
		{B53A3FE0-58F9-481F-9EBA-3D8CC6CAFD0F}.Release|Any CPU.ActiveCfg = Release|Any CPU
		{B53A3FE0-58F9-481F-9EBA-3D8CC6CAFD0F}.Release|Any CPU.Build.0 = Release|Any CPU
		{B53A3FE0-58F9-481F-9EBA-3D8CC6CAFD0F}.Release|ARM.ActiveCfg = Release|Any CPU
		{B53A3FE0-58F9-481F-9EBA-3D8CC6CAFD0F}.Release|ARM.Build.0 = Release|Any CPU
		{B53A3FE0-58F9-481F-9EBA-3D8CC6CAFD0F}.Release|iPhone.ActiveCfg = Release|Any CPU
		{B53A3FE0-58F9-481F-9EBA-3D8CC6CAFD0F}.Release|iPhone.Build.0 = Release|Any CPU
		{B53A3FE0-58F9-481F-9EBA-3D8CC6CAFD0F}.Release|iPhoneSimulator.ActiveCfg = Release|Any CPU
		{B53A3FE0-58F9-481F-9EBA-3D8CC6CAFD0F}.Release|iPhoneSimulator.Build.0 = Release|Any CPU
		{007C2A6D-15BF-447D-9010-8BC30298E5E8}.Debug|Any CPU.ActiveCfg = Debug|Any CPU
		{007C2A6D-15BF-447D-9010-8BC30298E5E8}.Debug|Any CPU.Build.0 = Debug|Any CPU
		{007C2A6D-15BF-447D-9010-8BC30298E5E8}.Debug|ARM.ActiveCfg = Debug|Any CPU
		{007C2A6D-15BF-447D-9010-8BC30298E5E8}.Debug|ARM.Build.0 = Debug|Any CPU
		{007C2A6D-15BF-447D-9010-8BC30298E5E8}.Debug|iPhone.ActiveCfg = Debug|Any CPU
		{007C2A6D-15BF-447D-9010-8BC30298E5E8}.Debug|iPhone.Build.0 = Debug|Any CPU
		{007C2A6D-15BF-447D-9010-8BC30298E5E8}.Debug|iPhoneSimulator.ActiveCfg = Debug|Any CPU
		{007C2A6D-15BF-447D-9010-8BC30298E5E8}.Debug|iPhoneSimulator.Build.0 = Debug|Any CPU
		{007C2A6D-15BF-447D-9010-8BC30298E5E8}.Release|Any CPU.ActiveCfg = Release|Any CPU
		{007C2A6D-15BF-447D-9010-8BC30298E5E8}.Release|Any CPU.Build.0 = Release|Any CPU
		{007C2A6D-15BF-447D-9010-8BC30298E5E8}.Release|ARM.ActiveCfg = Release|Any CPU
		{007C2A6D-15BF-447D-9010-8BC30298E5E8}.Release|ARM.Build.0 = Release|Any CPU
		{007C2A6D-15BF-447D-9010-8BC30298E5E8}.Release|iPhone.ActiveCfg = Release|Any CPU
		{007C2A6D-15BF-447D-9010-8BC30298E5E8}.Release|iPhone.Build.0 = Release|Any CPU
		{007C2A6D-15BF-447D-9010-8BC30298E5E8}.Release|iPhoneSimulator.ActiveCfg = Release|Any CPU
		{007C2A6D-15BF-447D-9010-8BC30298E5E8}.Release|iPhoneSimulator.Build.0 = Release|Any CPU
	EndGlobalSection
	GlobalSection(SolutionProperties) = preSolution
		HideSolutionNode = FALSE
	EndGlobalSection
EndGlobal
