
Microsoft Visual Studio Solution File, Format Version 12.00
# Visual Studio 15
Project("{D954291E-2A0B-460D-934E-DC6B0785DB48}") = "Sample", "Sample.shproj", "{521644B5-EC8B-4E2A-9153-812110199C7C}"
EndProject
Project("{FAE04EC0-301F-11D3-BF4B-00C04F79EFBC}") = "Sample.Android", "..\Sample.Android\Sample.Android.csproj", "{A92DF9AA-0D1E-4495-8F0D-149B66836E22}"
EndProject
Project("{FAE04EC0-301F-11D3-BF4B-00C04F79EFBC}") = "Sample.iOS", "..\Sample.iOS\Sample.iOS.csproj", "{2769F6D6-0749-4E3A-A5C6-C16B450C6BBC}"
EndProject
Global
	GlobalSection(SolutionConfigurationPlatforms) = preSolution
		Debug|Any CPU = Debug|Any CPU
		Release|Any CPU = Release|Any CPU
		Debug|iPhoneSimulator = Debug|iPhoneSimulator
		Release|iPhoneSimulator = Release|iPhoneSimulator
		Debug|iPhone = Debug|iPhone
		Release|iPhone = Release|iPhone
	EndGlobalSection
	GlobalSection(ProjectConfigurationPlatforms) = postSolution
		{A92DF9AA-0D1E-4495-8F0D-149B66836E22}.Debug|Any CPU.ActiveCfg = Debug|Any CPU
		{A92DF9AA-0D1E-4495-8F0D-149B66836E22}.Debug|Any CPU.Build.0 = Debug|Any CPU
		{A92DF9AA-0D1E-4495-8F0D-149B66836E22}.Release|Any CPU.ActiveCfg = Release|Any CPU
		{A92DF9AA-0D1E-4495-8F0D-149B66836E22}.Release|Any CPU.Build.0 = Release|Any CPU
		{A92DF9AA-0D1E-4495-8F0D-149B66836E22}.Debug|iPhoneSimulator.ActiveCfg = Debug|Any CPU
		{A92DF9AA-0D1E-4495-8F0D-149B66836E22}.Debug|iPhoneSimulator.Build.0 = Debug|Any CPU
		{A92DF9AA-0D1E-4495-8F0D-149B66836E22}.Release|iPhoneSimulator.ActiveCfg = Release|Any CPU
		{A92DF9AA-0D1E-4495-8F0D-149B66836E22}.Release|iPhoneSimulator.Build.0 = Release|Any CPU
		{A92DF9AA-0D1E-4495-8F0D-149B66836E22}.Debug|iPhone.ActiveCfg = Debug|Any CPU
		{A92DF9AA-0D1E-4495-8F0D-149B66836E22}.Debug|iPhone.Build.0 = Debug|Any CPU
		{A92DF9AA-0D1E-4495-8F0D-149B66836E22}.Release|iPhone.ActiveCfg = Release|Any CPU
		{A92DF9AA-0D1E-4495-8F0D-149B66836E22}.Release|iPhone.Build.0 = Release|Any CPU
		{2769F6D6-0749-4E3A-A5C6-C16B450C6BBC}.Debug|Any CPU.ActiveCfg = Debug|iPhoneSimulator
		{2769F6D6-0749-4E3A-A5C6-C16B450C6BBC}.Debug|Any CPU.Build.0 = Debug|iPhoneSimulator
		{2769F6D6-0749-4E3A-A5C6-C16B450C6BBC}.Release|Any CPU.ActiveCfg = Release|iPhoneSimulator
		{2769F6D6-0749-4E3A-A5C6-C16B450C6BBC}.Release|Any CPU.Build.0 = Release|iPhoneSimulator
		{2769F6D6-0749-4E3A-A5C6-C16B450C6BBC}.Debug|iPhoneSimulator.ActiveCfg = Debug|iPhoneSimulator
		{2769F6D6-0749-4E3A-A5C6-C16B450C6BBC}.Debug|iPhoneSimulator.Build.0 = Debug|iPhoneSimulator
		{2769F6D6-0749-4E3A-A5C6-C16B450C6BBC}.Release|iPhoneSimulator.ActiveCfg = Release|iPhoneSimulator
		{2769F6D6-0749-4E3A-A5C6-C16B450C6BBC}.Release|iPhoneSimulator.Build.0 = Release|iPhoneSimulator
		{2769F6D6-0749-4E3A-A5C6-C16B450C6BBC}.Debug|iPhone.ActiveCfg = Debug|iPhone
		{2769F6D6-0749-4E3A-A5C6-C16B450C6BBC}.Debug|iPhone.Build.0 = Debug|iPhone
		{2769F6D6-0749-4E3A-A5C6-C16B450C6BBC}.Release|iPhone.ActiveCfg = Release|iPhone
		{2769F6D6-0749-4E3A-A5C6-C16B450C6BBC}.Release|iPhone.Build.0 = Release|iPhone
	EndGlobalSection
EndGlobal
