
Microsoft Visual Studio Solution File, Format Version 12.00
# Visual Studio 15
Project("{D954291E-2A0B-460D-934E-DC6B0785DB48}") = "Bugfender.Sdk.Shared", "Bugfender.Sdk.Shared\Bugfender.Sdk.Shared.shproj", "{E769CDCC-23DA-4CE0-B21E-DCCE6937CDD6}"
EndProject
Project("{FAE04EC0-301F-11D3-BF4B-00C04F79EFBC}") = "Bindings.Android", "Bindings.Android\Bindings.Android.csproj", "{F31DC3D8-1E87-4643-A2CD-5F1917666DAB}"
EndProject
Project("{FAE04EC0-301F-11D3-BF4B-00C04F79EFBC}") = "Bindings.iOS", "Bindings.iOS\Bindings.iOS.csproj", "{0A1EC923-F45F-4FD9-A0A3-2F7C36046759}"
EndProject
Project("{FAE04EC0-301F-11D3-BF4B-00C04F79EFBC}") = "Bugfender.Sdk.Android", "Bugfender.Sdk.Android\Bugfender.Sdk.Android.csproj", "{F11F6B23-DB16-4923-8456-DB7D6DBC0E82}"
EndProject
Project("{FAE04EC0-301F-11D3-BF4B-00C04F79EFBC}") = "Bugfender.Sdk.iOS", "Bugfender.Sdk.iOS\Bugfender.Sdk.iOS.csproj", "{14E601DF-CE72-452F-AA58-DB2DA19698D3}"
EndProject
Project("{5DD5E4FA-CB73-4610-85AB-557B54E96AA9}") = "Bugfender.Sdk.NuGet", "Bugfender.Sdk.NuGet\Bugfender.Sdk.NuGet.nuproj", "{3A530C92-E330-4021-97AD-830C10961AD4}"
EndProject
Global
	GlobalSection(SolutionConfigurationPlatforms) = preSolution
		Debug|Any CPU = Debug|Any CPU
		Release|Any CPU = Release|Any CPU
	EndGlobalSection
	GlobalSection(ProjectConfigurationPlatforms) = postSolution
		{F31DC3D8-1E87-4643-A2CD-5F1917666DAB}.Debug|Any CPU.ActiveCfg = Debug|Any CPU
		{F31DC3D8-1E87-4643-A2CD-5F1917666DAB}.Debug|Any CPU.Build.0 = Debug|Any CPU
		{F31DC3D8-1E87-4643-A2CD-5F1917666DAB}.Release|Any CPU.ActiveCfg = Release|Any CPU
		{F31DC3D8-1E87-4643-A2CD-5F1917666DAB}.Release|Any CPU.Build.0 = Release|Any CPU
		{0A1EC923-F45F-4FD9-A0A3-2F7C36046759}.Debug|Any CPU.ActiveCfg = Debug|Any CPU
		{0A1EC923-F45F-4FD9-A0A3-2F7C36046759}.Debug|Any CPU.Build.0 = Debug|Any CPU
		{0A1EC923-F45F-4FD9-A0A3-2F7C36046759}.Release|Any CPU.ActiveCfg = Release|Any CPU
		{0A1EC923-F45F-4FD9-A0A3-2F7C36046759}.Release|Any CPU.Build.0 = Release|Any CPU
		{F11F6B23-DB16-4923-8456-DB7D6DBC0E82}.Debug|Any CPU.ActiveCfg = Debug|Any CPU
		{F11F6B23-DB16-4923-8456-DB7D6DBC0E82}.Debug|Any CPU.Build.0 = Debug|Any CPU
		{F11F6B23-DB16-4923-8456-DB7D6DBC0E82}.Release|Any CPU.ActiveCfg = Release|Any CPU
		{F11F6B23-DB16-4923-8456-DB7D6DBC0E82}.Release|Any CPU.Build.0 = Release|Any CPU
		{14E601DF-CE72-452F-AA58-DB2DA19698D3}.Debug|Any CPU.ActiveCfg = Debug|Any CPU
		{14E601DF-CE72-452F-AA58-DB2DA19698D3}.Debug|Any CPU.Build.0 = Debug|Any CPU
		{14E601DF-CE72-452F-AA58-DB2DA19698D3}.Release|Any CPU.ActiveCfg = Release|Any CPU
		{14E601DF-CE72-452F-AA58-DB2DA19698D3}.Release|Any CPU.Build.0 = Release|Any CPU
		{3A530C92-E330-4021-97AD-830C10961AD4}.Debug|Any CPU.ActiveCfg = Debug|Any CPU
		{3A530C92-E330-4021-97AD-830C10961AD4}.Debug|Any CPU.Build.0 = Debug|Any CPU
		{3A530C92-E330-4021-97AD-830C10961AD4}.Release|Any CPU.ActiveCfg = Release|Any CPU
		{3A530C92-E330-4021-97AD-830C10961AD4}.Release|Any CPU.Build.0 = Release|Any CPU
	EndGlobalSection
EndGlobal
